
Microsoft Visual Studio Solution File, Format Version 12.00
# Visual Studio Version 16
VisualStudioVersion = 16.0.30114.105
MinimumVisualStudioVersion = 10.0.40219.1
Project("{FAE04EC0-301F-11D3-BF4B-00C04F79EFBC}") = "Devices.Application", "Devices.Application\Devices.Application.csproj", "{153C92F1-60D5-4E42-A529-1151B8672EE0}"
EndProject
Project("{FAE04EC0-301F-11D3-BF4B-00C04F79EFBC}") = "Devices.Domain", "Devices.Domain\Devices.Domain.csproj", "{30EDB897-E1AC-4D09-8F7A-44328A5183FA}"
EndProject
Project("{FAE04EC0-301F-11D3-BF4B-00C04F79EFBC}") = "Devices.Persistence", "Devices.Persistence\Devices.Persistence.csproj", "{FE7A37A8-659F-4BB1-AB0D-0A14A0A4610B}"
EndProject
Global
	GlobalSection(SolutionConfigurationPlatforms) = preSolution
		Debug|Any CPU = Debug|Any CPU
		Debug|x64 = Debug|x64
		Debug|x86 = Debug|x86
		Release|Any CPU = Release|Any CPU
		Release|x64 = Release|x64
		Release|x86 = Release|x86
	EndGlobalSection
	GlobalSection(SolutionProperties) = preSolution
		HideSolutionNode = FALSE
	EndGlobalSection
	GlobalSection(ProjectConfigurationPlatforms) = postSolution
		{153C92F1-60D5-4E42-A529-1151B8672EE0}.Debug|Any CPU.ActiveCfg = Debug|Any CPU
		{153C92F1-60D5-4E42-A529-1151B8672EE0}.Debug|Any CPU.Build.0 = Debug|Any CPU
		{153C92F1-60D5-4E42-A529-1151B8672EE0}.Debug|x64.ActiveCfg = Debug|Any CPU
		{153C92F1-60D5-4E42-A529-1151B8672EE0}.Debug|x64.Build.0 = Debug|Any CPU
		{153C92F1-60D5-4E42-A529-1151B8672EE0}.Debug|x86.ActiveCfg = Debug|Any CPU
		{153C92F1-60D5-4E42-A529-1151B8672EE0}.Debug|x86.Build.0 = Debug|Any CPU
		{153C92F1-60D5-4E42-A529-1151B8672EE0}.Release|Any CPU.ActiveCfg = Release|Any CPU
		{153C92F1-60D5-4E42-A529-1151B8672EE0}.Release|Any CPU.Build.0 = Release|Any CPU
		{153C92F1-60D5-4E42-A529-1151B8672EE0}.Release|x64.ActiveCfg = Release|Any CPU
		{153C92F1-60D5-4E42-A529-1151B8672EE0}.Release|x64.Build.0 = Release|Any CPU
		{153C92F1-60D5-4E42-A529-1151B8672EE0}.Release|x86.ActiveCfg = Release|Any CPU
		{153C92F1-60D5-4E42-A529-1151B8672EE0}.Release|x86.Build.0 = Release|Any CPU
		{30EDB897-E1AC-4D09-8F7A-44328A5183FA}.Debug|Any CPU.ActiveCfg = Debug|Any CPU
		{30EDB897-E1AC-4D09-8F7A-44328A5183FA}.Debug|Any CPU.Build.0 = Debug|Any CPU
		{30EDB897-E1AC-4D09-8F7A-44328A5183FA}.Debug|x64.ActiveCfg = Debug|Any CPU
		{30EDB897-E1AC-4D09-8F7A-44328A5183FA}.Debug|x64.Build.0 = Debug|Any CPU
		{30EDB897-E1AC-4D09-8F7A-44328A5183FA}.Debug|x86.ActiveCfg = Debug|Any CPU
		{30EDB897-E1AC-4D09-8F7A-44328A5183FA}.Debug|x86.Build.0 = Debug|Any CPU
		{30EDB897-E1AC-4D09-8F7A-44328A5183FA}.Release|Any CPU.ActiveCfg = Release|Any CPU
		{30EDB897-E1AC-4D09-8F7A-44328A5183FA}.Release|Any CPU.Build.0 = Release|Any CPU
		{30EDB897-E1AC-4D09-8F7A-44328A5183FA}.Release|x64.ActiveCfg = Release|Any CPU
		{30EDB897-E1AC-4D09-8F7A-44328A5183FA}.Release|x64.Build.0 = Release|Any CPU
		{30EDB897-E1AC-4D09-8F7A-44328A5183FA}.Release|x86.ActiveCfg = Release|Any CPU
		{30EDB897-E1AC-4D09-8F7A-44328A5183FA}.Release|x86.Build.0 = Release|Any CPU
		{FE7A37A8-659F-4BB1-AB0D-0A14A0A4610B}.Debug|Any CPU.ActiveCfg = Debug|Any CPU
		{FE7A37A8-659F-4BB1-AB0D-0A14A0A4610B}.Debug|Any CPU.Build.0 = Debug|Any CPU
		{FE7A37A8-659F-4BB1-AB0D-0A14A0A4610B}.Debug|x64.ActiveCfg = Debug|Any CPU
		{FE7A37A8-659F-4BB1-AB0D-0A14A0A4610B}.Debug|x64.Build.0 = Debug|Any CPU
		{FE7A37A8-659F-4BB1-AB0D-0A14A0A4610B}.Debug|x86.ActiveCfg = Debug|Any CPU
		{FE7A37A8-659F-4BB1-AB0D-0A14A0A4610B}.Debug|x86.Build.0 = Debug|Any CPU
		{FE7A37A8-659F-4BB1-AB0D-0A14A0A4610B}.Release|Any CPU.ActiveCfg = Release|Any CPU
		{FE7A37A8-659F-4BB1-AB0D-0A14A0A4610B}.Release|Any CPU.Build.0 = Release|Any CPU
		{FE7A37A8-659F-4BB1-AB0D-0A14A0A4610B}.Release|x64.ActiveCfg = Release|Any CPU
		{FE7A37A8-659F-4BB1-AB0D-0A14A0A4610B}.Release|x64.Build.0 = Release|Any CPU
		{FE7A37A8-659F-4BB1-AB0D-0A14A0A4610B}.Release|x86.ActiveCfg = Release|Any CPU
		{FE7A37A8-659F-4BB1-AB0D-0A14A0A4610B}.Release|x86.Build.0 = Release|Any CPU
	EndGlobalSection
EndGlobal
